
Microsoft Visual Studio Solution File, Format Version 12.00
# Visual Studio Version 17
VisualStudioVersion = 17.8.34322.80
MinimumVisualStudioVersion = 10.0.40219.1
Project("{FAE04EC0-301F-11D3-BF4B-00C04F79EFBC}") = "Ebanx", "Ebanx.csproj", "{C716B8E7-D322-4738-9C5E-D0DB437B51D1}"
EndProject
Global
	GlobalSection(SolutionConfigurationPlatforms) = preSolution
		Debug|Any CPU = Debug|Any CPU
		Release|Any CPU = Release|Any CPU
	EndGlobalSection
	GlobalSection(ProjectConfigurationPlatforms) = postSolution
		{C716B8E7-D322-4738-9C5E-D0DB437B51D1}.Debug|Any CPU.ActiveCfg = Debug|Any CPU
		{C716B8E7-D322-4738-9C5E-D0DB437B51D1}.Debug|Any CPU.Build.0 = Debug|Any CPU
		{C716B8E7-D322-4738-9C5E-D0DB437B51D1}.Release|Any CPU.ActiveCfg = Release|Any CPU
		{C716B8E7-D322-4738-9C5E-D0DB437B51D1}.Release|Any CPU.Build.0 = Release|Any CPU
	EndGlobalSection
	GlobalSection(SolutionProperties) = preSolution
		HideSolutionNode = FALSE
	EndGlobalSection
	GlobalSection(ExtensibilityGlobals) = postSolution
		SolutionGuid = {1228839C-C760-4513-8F55-4A58F917F045}
	EndGlobalSection
EndGlobal
